
Microsoft Visual Studio Solution File, Format Version 12.00
# Visual Studio Version 16
VisualStudioVersion = 16.0.30503.244
MinimumVisualStudioVersion = 10.0.40219.1
Project("{8BC9CEB8-8B4A-11D0-8D11-00A0C91BC942}") = "PackDot", "PackDot.vcxproj", "{29B7C926-8FFB-4701-B8AD-1908B04C703E}"
EndProject
Global
	GlobalSection(SolutionConfigurationPlatforms) = preSolution
		Debug|x64 = Debug|x64
		Debug|x86 = Debug|x86
		Release|x64 = Release|x64
		Release|x86 = Release|x86
	EndGlobalSection
	GlobalSection(ProjectConfigurationPlatforms) = postSolution
		{29B7C926-8FFB-4701-B8AD-1908B04C703E}.Debug|x64.ActiveCfg = Debug|x64
		{29B7C926-8FFB-4701-B8AD-1908B04C703E}.Debug|x64.Build.0 = Debug|x64
		{29B7C926-8FFB-4701-B8AD-1908B04C703E}.Debug|x86.ActiveCfg = Debug|Win32
		{29B7C926-8FFB-4701-B8AD-1908B04C703E}.Debug|x86.Build.0 = Debug|Win32
		{29B7C926-8FFB-4701-B8AD-1908B04C703E}.Release|x64.ActiveCfg = Release|x64
		{29B7C926-8FFB-4701-B8AD-1908B04C703E}.Release|x64.Build.0 = Release|x64
		{29B7C926-8FFB-4701-B8AD-1908B04C703E}.Release|x86.ActiveCfg = Release|Win32
		{29B7C926-8FFB-4701-B8AD-1908B04C703E}.Release|x86.Build.0 = Release|Win32
	EndGlobalSection
	GlobalSection(SolutionProperties) = preSolution
		HideSolutionNode = FALSE
	EndGlobalSection
	GlobalSection(ExtensibilityGlobals) = postSolution
		SolutionGuid = {DF8C6DC6-57A7-40FA-B33F-1BF40A3B3312}
	EndGlobalSection
EndGlobal
